<?xml version="1.0" encoding="utf-8"?>
<Project ToolsVersion="4.0" xmlns="http://schemas.microsoft.com/developer/msbuild/2003">
  <ItemGroup>
    <Filter Include="Source Files">
      <UniqueIdentifier>{4FC737F1-C7A5-4376-A066-2A32D752A2FF}</UniqueIdentifier>
      <Extensions>cpp;c;cc;cxx;def;odl;idl;hpj;bat;asm;asmx</Extensions>
    </Filter>
    <Filter Include="Source Files\Applications">
      <UniqueIdentifier>{9ac7715a-f9c3-4d49-b46e-d803d4a098a8}</UniqueIdentifier>
    </Filter>
    <Filter Include="Data Files">
      <UniqueIdentifier>{1d0e2f20-ebaa-4791-b4bc-74bf71e1a917}</UniqueIdentifier>
    </Filter>
    <Filter Include="Data Files\Shaders">
      <UniqueIdentifier>{e64b129d-50a7-4d43-a603-e898eb951408}</UniqueIdentifier>
    </Filter>
    <Filter Include="Source Files\Visual">
      <UniqueIdentifier>{4da43d57-d9ee-4b5c-801d-d58dfc81021b}</UniqueIdentifier>
    </Filter>
    <Filter Include="Source Files\Physics">
      <UniqueIdentifier>{791ec424-f523-4c18-b28c-1933a0a5cc3e}</UniqueIdentifier>
    </Filter>
    <Filter Include="Source Files\Math">
      <UniqueIdentifier>{b809d400-d186-472b-b55b-8df995a1a899}</UniqueIdentifier>
    </Filter>
    <Filter Include="Source Files\Common">
      <UniqueIdentifier>{6be8eac4-dab1-41c1-8c58-aa3771f51131}</UniqueIdentifier>
    </Filter>
    <Filter Include="Data Files\Textures">
      <UniqueIdentifier>{9dba4973-4435-40f2-850d-3ba39129b68f}</UniqueIdentifier>
    </Filter>
  </ItemGroup>
  <ItemGroup>
    <ClCompile Include="src\applications\3dtangram.cpp">
      <Filter>Source Files\Applications</Filter>
    </ClCompile>
    <ClCompile Include="src\applications\hello3dWorld.cpp">
      <Filter>Source Files\Applications</Filter>
    </ClCompile>
    <ClCompile Include="src\applications\meshLoader.cpp">
      <Filter>Source Files\Applications</Filter>
    </ClCompile>
    <ClCompile Include="src\applications\objectRotation.cpp">
      <Filter>Source Files\Applications</Filter>
    </ClCompile>
    <ClCompile Include="src\applications\sceneGraphTangram.cpp">
      <Filter>Source Files\Applications</Filter>
    </ClCompile>
    <ClCompile Include="src\applications\tangram.cpp">
      <Filter>Source Files\Applications</Filter>
    </ClCompile>
    <ClCompile Include="src\applications\snooker_v2.cpp">
      <Filter>Source Files\Applications</Filter>
    </ClCompile>
  </ItemGroup>
  <ItemGroup>
    <None Include="data\shaders\3dfragmentShader.frag">
      <Filter>Data Files\Shaders</Filter>
    </None>
    <None Include="data\shaders\3dvertexShader.vert">
      <Filter>Data Files\Shaders</Filter>
    </None>
    <None Include="data\shaders\cube_fs.glsl">
      <Filter>Data Files\Shaders</Filter>
    </None>
    <None Include="data\shaders\cube_vs.glsl">
      <Filter>Data Files\Shaders</Filter>
    </None>
    <None Include="data\shaders\fragmentShader.frag">
      <Filter>Data Files\Shaders</Filter>
    </None>
    <None Include="data\shaders\fragmentShaderSceneManagement.frag">
      <Filter>Data Files\Shaders</Filter>
    </None>
    <None Include="data\shaders\fragmentWithNormals.frag">
      <Filter>Data Files\Shaders</Filter>
    </None>
    <None Include="data\shaders\vertexShader.vert">
      <Filter>Data Files\Shaders</Filter>
    </None>
    <None Include="data\shaders\vertexShaderSceneManagement.vert">
      <Filter>Data Files\Shaders</Filter>
    </None>
    <None Include="data\shaders\vertexWithNormals.vert">
      <Filter>Data Files\Shaders</Filter>
    </None>
    <None Include="data\shaders\fragmentShaderTextures.frag">
      <Filter>Data Files\Shaders</Filter>
    </None>
    <None Include="data\shaders\vertexShaderTextures.vert">
      <Filter>Data Files\Shaders</Filter>
    </None>
  </ItemGroup>
  <ItemGroup>
    <ClInclude Include="src\engine\engine.h">
      <Filter>Source Files</Filter>
    </ClInclude>
    <ClInclude Include="src\engine\visual\shaderprogram.h">
      <Filter>Source Files\Visual</Filter>
    </ClInclude>
    <ClInclude Include="src\engine\visual\camera.h">
      <Filter>Source Files\Visual</Filter>
    </ClInclude>
    <ClInclude Include="src\engine\visual\mesh.h">
      <Filter>Source Files\Visual</Filter>
    </ClInclude>
    <ClInclude Include="src\engine\visual\scene.h">
      <Filter>Source Files\Visual</Filter>
    </ClInclude>
    <ClInclude Include="src\engine\common\managers.h">
      <Filter>Source Files\Common</Filter>
    </ClInclude>
    <ClInclude Include="src\engine\visual\texture.h">
      <Filter>Source Files\Visual</Filter>
    </ClInclude>
    <ClInclude Include="src\engine\math\mathf.h">
      <Filter>Source Files\Math</Filter>
    </ClInclude>
    <ClInclude Include="src\engine\math\matrix.h">
      <Filter>Source Files\Math</Filter>
    </ClInclude>
    <ClInclude Include="src\engine\math\matrixfactory.h">
      <Filter>Source Files\Math</Filter>
    </ClInclude>
    <ClInclude Include="src\engine\math\quaternion.h">
      <Filter>Source Files\Math</Filter>
    </ClInclude>
    <ClInclude Include="src\engine\math\vector.h">
      <Filter>Source Files\Math</Filter>
    </ClInclude>
    <ClInclude Include="src\engine\math\object.h">
      <Filter>Source Files\Math</Filter>
    </ClInclude>
    <ClInclude Include="src\engine\common\models.h">
      <Filter>Source Files\Common</Filter>
    </ClInclude>
    <ClInclude Include="src\physicengine\physicengine.h">
      <Filter>Source Files</Filter>
    </ClInclude>
    <ClInclude Include="src\engine\math\geometry.h">
      <Filter>Source Files\Math</Filter>
    </ClInclude>
  </ItemGroup>
  <ItemGroup>
    <Image Include="data\textures\ball1.bmp">
      <Filter>Data Files\Textures</Filter>
    </Image>
    <Image Include="data\textures\ball2.bmp">
      <Filter>Data Files\Textures</Filter>
    </Image>
    <Image Include="data\textures\ball3.bmp">
      <Filter>Data Files\Textures</Filter>
    </Image>
    <Image Include="data\textures\ball4.bmp">
      <Filter>Data Files\Textures</Filter>
    </Image>
    <Image Include="data\textures\ball5.bmp">
      <Filter>Data Files\Textures</Filter>
    </Image>
    <Image Include="data\textures\ball6.bmp">
      <Filter>Data Files\Textures</Filter>
    </Image>
    <Image Include="data\textures\ball7.bmp">
      <Filter>Data Files\Textures</Filter>
    </Image>
    <Image Include="data\textures\ball8.bmp">
      <Filter>Data Files\Textures</Filter>
    </Image>
    <Image Include="data\textures\ball9.bmp">
      <Filter>Data Files\Textures</Filter>
    </Image>
    <Image Include="data\textures\ball10.bmp">
      <Filter>Data Files\Textures</Filter>
    </Image>
    <Image Include="data\textures\ball11.bmp">
      <Filter>Data Files\Textures</Filter>
    </Image>
    <Image Include="data\textures\ball12.bmp">
      <Filter>Data Files\Textures</Filter>
    </Image>
    <Image Include="data\textures\ball13.bmp">
      <Filter>Data Files\Textures</Filter>
    </Image>
    <Image Include="data\textures\ball14.bmp">
      <Filter>Data Files\Textures</Filter>
    </Image>
    <Image Include="data\textures\ball15.bmp">
      <Filter>Data Files\Textures</Filter>
    </Image>
    <Image Include="data\textures\black.bmp">
      <Filter>Data Files\Textures</Filter>
    </Image>
    <Image Include="data\textures\blue.bmp">
      <Filter>Data Files\Textures</Filter>
    </Image>
    <Image Include="data\textures\bricks.bmp">
      <Filter>Data Files\Textures</Filter>
    </Image>
    <Image Include="data\textures\brown.bmp">
      <Filter>Data Files\Textures</Filter>
    </Image>
    <Image Include="data\textures\green.bmp">
      <Filter>Data Files\Textures</Filter>
    </Image>
    <Image Include="data\textures\red.bmp">
      <Filter>Data Files\Textures</Filter>
    </Image>
    <Image Include="data\textures\tableTexture.bmp">
      <Filter>Data Files\Textures</Filter>
    </Image>
    <Image Include="data\textures\tableTexture2.bmp">
      <Filter>Data Files\Textures</Filter>
    </Image>
    <Image Include="data\textures\testTexture.bmp">
      <Filter>Data Files\Textures</Filter>
    </Image>
    <Image Include="data\textures\uvtemplate.bmp">
      <Filter>Data Files\Textures</Filter>
    </Image>
    <Image Include="data\textures\white.bmp">
      <Filter>Data Files\Textures</Filter>
    </Image>
    <Image Include="data\textures\wood1.bmp">
      <Filter>Data Files\Textures</Filter>
    </Image>
    <Image Include="data\textures\yellow.bmp">
      <Filter>Data Files\Textures</Filter>
    </Image>
  </ItemGroup>
</Project>